
Microsoft Visual Studio Solution File, Format Version 12.00
# Visual Studio 2013
VisualStudioVersion = 12.0.21005.1
MinimumVisualStudioVersion = 10.0.40219.1
Project("{FAE04EC0-301F-11D3-BF4B-00C04F79EFBC}") = "01.TwoIntsExchangesValues", "TwoIntsExchangesValues\01.TwoIntsExchangesValues.csproj", "{1BCCFA9E-0813-4E5A-91DC-CE4A2A10FD4C}"
EndProject
Project("{FAE04EC0-301F-11D3-BF4B-00C04F79EFBC}") = "02.ProductofThreeNumbers", "ProductofThreeNumbers\02.ProductofThreeNumbers.csproj", "{4ED0262B-ED07-496C-B9B0-83B5BEB59BC3}"
EndProject
Project("{FAE04EC0-301F-11D3-BF4B-00C04F79EFBC}") = "03.BiggestOfThreeInts", "BiggestOfThreeInts\03.BiggestOfThreeInts.csproj", "{F464B8B5-028F-4BDC-86A5-3080BBD55D7E}"
EndProject
Project("{FAE04EC0-301F-11D3-BF4B-00C04F79EFBC}") = "04.SortThreeValues", "SortThreeValues\04.SortThreeValues.csproj", "{E751509F-B90A-4961-8934-E530045BCFC1}"
EndProject
Project("{FAE04EC0-301F-11D3-BF4B-00C04F79EFBC}") = "05.EnglishDigit", "EnglishDigit\05.EnglishDigit.csproj", "{D60D1039-9C2A-4C86-BA66-26E4B15E51D5}"
EndProject
Project("{FAE04EC0-301F-11D3-BF4B-00C04F79EFBC}") = "06.QuadraticEquation", "QuadraticEquation\06.QuadraticEquation.csproj", "{C1D6BF81-CB15-4F80-8DF6-3EDDB194E3C2}"
EndProject
Project("{FAE04EC0-301F-11D3-BF4B-00C04F79EFBC}") = "07.GreatestOfFiveVariables", "GreatestOfFiveVariables\07.GreatestOfFiveVariables.csproj", "{588B95BA-05F0-449F-924C-BF0DF01CB676}"
EndProject
Project("{FAE04EC0-301F-11D3-BF4B-00C04F79EFBC}") = "08.SwitchVariables", "SwitchVariables\08.SwitchVariables.csproj", "{8C00379F-21D3-487A-BC82-523472875396}"
EndProject
Project("{FAE04EC0-301F-11D3-BF4B-00C04F79EFBC}") = "09.Subset", "Subset\09.Subset.csproj", "{097E9E4D-1220-4562-975C-8C18139CCD13}"
EndProject
Project("{FAE04EC0-301F-11D3-BF4B-00C04F79EFBC}") = "10.ApplyBonusScores", "ApplyBonusScores\10.ApplyBonusScores.csproj", "{841C1E52-5592-4741-B73C-DB61F7C3856A}"
EndProject
Global
	GlobalSection(SolutionConfigurationPlatforms) = preSolution
		Debug|Any CPU = Debug|Any CPU
		Release|Any CPU = Release|Any CPU
	EndGlobalSection
	GlobalSection(ProjectConfigurationPlatforms) = postSolution
		{1BCCFA9E-0813-4E5A-91DC-CE4A2A10FD4C}.Debug|Any CPU.ActiveCfg = Debug|Any CPU
		{1BCCFA9E-0813-4E5A-91DC-CE4A2A10FD4C}.Debug|Any CPU.Build.0 = Debug|Any CPU
		{1BCCFA9E-0813-4E5A-91DC-CE4A2A10FD4C}.Release|Any CPU.ActiveCfg = Release|Any CPU
		{1BCCFA9E-0813-4E5A-91DC-CE4A2A10FD4C}.Release|Any CPU.Build.0 = Release|Any CPU
		{4ED0262B-ED07-496C-B9B0-83B5BEB59BC3}.Debug|Any CPU.ActiveCfg = Debug|Any CPU
		{4ED0262B-ED07-496C-B9B0-83B5BEB59BC3}.Debug|Any CPU.Build.0 = Debug|Any CPU
		{4ED0262B-ED07-496C-B9B0-83B5BEB59BC3}.Release|Any CPU.ActiveCfg = Release|Any CPU
		{4ED0262B-ED07-496C-B9B0-83B5BEB59BC3}.Release|Any CPU.Build.0 = Release|Any CPU
		{F464B8B5-028F-4BDC-86A5-3080BBD55D7E}.Debug|Any CPU.ActiveCfg = Debug|Any CPU
		{F464B8B5-028F-4BDC-86A5-3080BBD55D7E}.Debug|Any CPU.Build.0 = Debug|Any CPU
		{F464B8B5-028F-4BDC-86A5-3080BBD55D7E}.Release|Any CPU.ActiveCfg = Release|Any CPU
		{F464B8B5-028F-4BDC-86A5-3080BBD55D7E}.Release|Any CPU.Build.0 = Release|Any CPU
		{E751509F-B90A-4961-8934-E530045BCFC1}.Debug|Any CPU.ActiveCfg = Debug|Any CPU
		{E751509F-B90A-4961-8934-E530045BCFC1}.Debug|Any CPU.Build.0 = Debug|Any CPU
		{E751509F-B90A-4961-8934-E530045BCFC1}.Release|Any CPU.ActiveCfg = Release|Any CPU
		{E751509F-B90A-4961-8934-E530045BCFC1}.Release|Any CPU.Build.0 = Release|Any CPU
		{D60D1039-9C2A-4C86-BA66-26E4B15E51D5}.Debug|Any CPU.ActiveCfg = Debug|Any CPU
		{D60D1039-9C2A-4C86-BA66-26E4B15E51D5}.Debug|Any CPU.Build.0 = Debug|Any CPU
		{D60D1039-9C2A-4C86-BA66-26E4B15E51D5}.Release|Any CPU.ActiveCfg = Release|Any CPU
		{D60D1039-9C2A-4C86-BA66-26E4B15E51D5}.Release|Any CPU.Build.0 = Release|Any CPU
		{C1D6BF81-CB15-4F80-8DF6-3EDDB194E3C2}.Debug|Any CPU.ActiveCfg = Debug|Any CPU
		{C1D6BF81-CB15-4F80-8DF6-3EDDB194E3C2}.Debug|Any CPU.Build.0 = Debug|Any CPU
		{C1D6BF81-CB15-4F80-8DF6-3EDDB194E3C2}.Release|Any CPU.ActiveCfg = Release|Any CPU
		{C1D6BF81-CB15-4F80-8DF6-3EDDB194E3C2}.Release|Any CPU.Build.0 = Release|Any CPU
		{588B95BA-05F0-449F-924C-BF0DF01CB676}.Debug|Any CPU.ActiveCfg = Debug|Any CPU
		{588B95BA-05F0-449F-924C-BF0DF01CB676}.Debug|Any CPU.Build.0 = Debug|Any CPU
		{588B95BA-05F0-449F-924C-BF0DF01CB676}.Release|Any CPU.ActiveCfg = Release|Any CPU
		{588B95BA-05F0-449F-924C-BF0DF01CB676}.Release|Any CPU.Build.0 = Release|Any CPU
		{8C00379F-21D3-487A-BC82-523472875396}.Debug|Any CPU.ActiveCfg = Debug|Any CPU
		{8C00379F-21D3-487A-BC82-523472875396}.Debug|Any CPU.Build.0 = Debug|Any CPU
		{8C00379F-21D3-487A-BC82-523472875396}.Release|Any CPU.ActiveCfg = Release|Any CPU
		{8C00379F-21D3-487A-BC82-523472875396}.Release|Any CPU.Build.0 = Release|Any CPU
		{097E9E4D-1220-4562-975C-8C18139CCD13}.Debug|Any CPU.ActiveCfg = Debug|Any CPU
		{097E9E4D-1220-4562-975C-8C18139CCD13}.Debug|Any CPU.Build.0 = Debug|Any CPU
		{097E9E4D-1220-4562-975C-8C18139CCD13}.Release|Any CPU.ActiveCfg = Release|Any CPU
		{097E9E4D-1220-4562-975C-8C18139CCD13}.Release|Any CPU.Build.0 = Release|Any CPU
		{841C1E52-5592-4741-B73C-DB61F7C3856A}.Debug|Any CPU.ActiveCfg = Debug|Any CPU
		{841C1E52-5592-4741-B73C-DB61F7C3856A}.Debug|Any CPU.Build.0 = Debug|Any CPU
		{841C1E52-5592-4741-B73C-DB61F7C3856A}.Release|Any CPU.ActiveCfg = Release|Any CPU
		{841C1E52-5592-4741-B73C-DB61F7C3856A}.Release|Any CPU.Build.0 = Release|Any CPU
	EndGlobalSection
	GlobalSection(SolutionProperties) = preSolution
		HideSolutionNode = FALSE
	EndGlobalSection
EndGlobal
